
Microsoft Visual Studio Solution File, Format Version 12.00
# Visual Studio Version 17
VisualStudioVersion = 17.10.35027.167
MinimumVisualStudioVersion = 10.0.40219.1
Project("{9A19103F-16F7-4668-BE54-9A1E7A4F7556}") = "gerenciar-chaves", "gerenciar-chaves\gerenciar-chaves.csproj", "{74087515-C33C-4946-8711-447167640150}"
EndProject
Global
	GlobalSection(SolutionConfigurationPlatforms) = preSolution
		Debug|Any CPU = Debug|Any CPU
		Release|Any CPU = Release|Any CPU
	EndGlobalSection
	GlobalSection(ProjectConfigurationPlatforms) = postSolution
		{74087515-C33C-4946-8711-447167640150}.Debug|Any CPU.ActiveCfg = Debug|Any CPU
		{74087515-C33C-4946-8711-447167640150}.Debug|Any CPU.Build.0 = Debug|Any CPU
		{74087515-C33C-4946-8711-447167640150}.Release|Any CPU.ActiveCfg = Release|Any CPU
		{74087515-C33C-4946-8711-447167640150}.Release|Any CPU.Build.0 = Release|Any CPU
	EndGlobalSection
	GlobalSection(SolutionProperties) = preSolution
		HideSolutionNode = FALSE
	EndGlobalSection
	GlobalSection(ExtensibilityGlobals) = postSolution
		SolutionGuid = {773CA3A3-AD80-4933-AD8A-00228900B0E7}
	EndGlobalSection
EndGlobal
